
Microsoft Visual Studio Solution File, Format Version 12.00
# Visual Studio Version 16
VisualStudioVersion = 16.0.31005.135
MinimumVisualStudioVersion = 10.0.40219.1
Project("{FAE04EC0-301F-11D3-BF4B-00C04F79EFBC}") = "ReactHW", "ReactHW\ReactHW.csproj", "{892C6EB3-6D4D-4EE5-B1D8-0A27E7871EE5}"
EndProject
Global
	GlobalSection(SolutionConfigurationPlatforms) = preSolution
		Debug|Any CPU = Debug|Any CPU
		Release|Any CPU = Release|Any CPU
	EndGlobalSection
	GlobalSection(ProjectConfigurationPlatforms) = postSolution
		{892C6EB3-6D4D-4EE5-B1D8-0A27E7871EE5}.Debug|Any CPU.ActiveCfg = Debug|Any CPU
		{892C6EB3-6D4D-4EE5-B1D8-0A27E7871EE5}.Debug|Any CPU.Build.0 = Debug|Any CPU
		{892C6EB3-6D4D-4EE5-B1D8-0A27E7871EE5}.Release|Any CPU.ActiveCfg = Release|Any CPU
		{892C6EB3-6D4D-4EE5-B1D8-0A27E7871EE5}.Release|Any CPU.Build.0 = Release|Any CPU
	EndGlobalSection
	GlobalSection(SolutionProperties) = preSolution
		HideSolutionNode = FALSE
	EndGlobalSection
	GlobalSection(ExtensibilityGlobals) = postSolution
		SolutionGuid = {DDDAA480-221C-4C1D-BB71-39B40F42A167}
	EndGlobalSection
EndGlobal
